
Microsoft Visual Studio Solution File, Format Version 12.00
# Visual Studio Version 17
VisualStudioVersion = 17.5.2.0
MinimumVisualStudioVersion = 10.0.40219.1
Project("{FAE04EC0-301F-11D3-BF4B-00C04F79EFBC}") = "EventApi.Tests", "EventApi.Tests\EventApi.Tests.csproj", "{982FEB71-EB97-46ED-8B61-4852F1DA2918}"
EndProject
Project("{FAE04EC0-301F-11D3-BF4B-00C04F79EFBC}") = "EventApi.IntegrationTests", "EventApi.IntegrationTests\EventApi.IntegrationTests.csproj", "{78871EB7-75EA-415B-B3D8-FDFADF72FA32}"
EndProject
Project("{FAE04EC0-301F-11D3-BF4B-00C04F79EFBC}") = "EventApi.Users.Domain", "EventApi.Users.Domain\EventApi.Users.Domain.csproj", "{AEFCD84F-C445-45D5-93F0-480282296C73}"
EndProject
Project("{FAE04EC0-301F-11D3-BF4B-00C04F79EFBC}") = "EventApi.Users.Application", "EventApi.Users.Application\EventApi.Users.Application.csproj", "{7E45D583-5A8C-4388-9A3A-7988A35A7CA5}"
EndProject
Project("{FAE04EC0-301F-11D3-BF4B-00C04F79EFBC}") = "EventApi.Users.Infrastructure", "EventApi.Users.Infrastructure\EventApi.Users.Infrastructure.csproj", "{7BC5433D-6037-450F-B11E-9253BEB552C6}"
EndProject
Project("{FAE04EC0-301F-11D3-BF4B-00C04F79EFBC}") = "EventApi.Users", "EventApi.Users\EventApi.Users.csproj", "{B63140D1-028A-428D-A3F2-CD09C5A754C4}"
EndProject
Project("{FAE04EC0-301F-11D3-BF4B-00C04F79EFBC}") = "EventApi.Events.Domain", "EventApi.Events.Domain\EventApi.Events.Domain.csproj", "{F2A1A90D-6F47-4CB8-A3D1-2EF3F6D68BEA}"
EndProject
Project("{FAE04EC0-301F-11D3-BF4B-00C04F79EFBC}") = "EventApi.Events.Application", "EventApi.Events.Application\EventApi.Events.Application.csproj", "{CC0FAB94-0020-439D-A17D-06311EA6FEC6}"
EndProject
Project("{FAE04EC0-301F-11D3-BF4B-00C04F79EFBC}") = "EventApi.Events.Infrastructure", "EventApi.Events.Infrastructure\EventApi.Events.Infrastructure.csproj", "{107D539F-3E1F-44F6-B277-ADEF833258F7}"
EndProject
Project("{FAE04EC0-301F-11D3-BF4B-00C04F79EFBC}") = "EventApi.Events", "EventApi.Events\EventApi.Events.csproj", "{E95AACEA-FFC9-4D3A-8D94-2B6521CA21EB}"
EndProject
Project("{FAE04EC0-301F-11D3-BF4B-00C04F79EFBC}") = "EventApi.Bookings.Domain", "EventApi.Bookings.Domain\EventApi.Bookings.Domain.csproj", "{F8D7423D-4281-48BA-844C-73B599956E14}"
EndProject
Project("{FAE04EC0-301F-11D3-BF4B-00C04F79EFBC}") = "EventApi.Bookings.Application", "EventApi.Bookings.Application\EventApi.Bookings.Application.csproj", "{47106395-CB64-41F7-8284-EC4CDF414252}"
EndProject
Project("{FAE04EC0-301F-11D3-BF4B-00C04F79EFBC}") = "EventApi.Bookings.Infrastructure", "EventApi.Bookings.Infrastructure\EventApi.Bookings.Infrastructure.csproj", "{9435E534-573D-464D-B1D2-275A40A1DD54}"
EndProject
Project("{FAE04EC0-301F-11D3-BF4B-00C04F79EFBC}") = "EventApi.Bookings", "EventApi.Bookings\EventApi.Bookings.csproj", "{13ED2EA1-18C6-4877-89EE-F77B1185695F}"
EndProject
Project("{FAE04EC0-301F-11D3-BF4B-00C04F79EFBC}") = "EventApi.Shared.Contracts", "EventApi.Shared.Contracts\EventApi.Shared.Contracts.csproj", "{5B38979B-D242-4069-A7B7-6BDC1EB1A1C2}"
EndProject
Global
	GlobalSection(SolutionConfigurationPlatforms) = preSolution
		Debug|Any CPU = Debug|Any CPU
		Debug|x64 = Debug|x64
		Debug|x86 = Debug|x86
		Release|Any CPU = Release|Any CPU
		Release|x64 = Release|x64
		Release|x86 = Release|x86
	EndGlobalSection
	GlobalSection(ProjectConfigurationPlatforms) = postSolution
		{982FEB71-EB97-46ED-8B61-4852F1DA2918}.Debug|Any CPU.ActiveCfg = Debug|Any CPU
		{982FEB71-EB97-46ED-8B61-4852F1DA2918}.Debug|Any CPU.Build.0 = Debug|Any CPU
		{982FEB71-EB97-46ED-8B61-4852F1DA2918}.Debug|x64.ActiveCfg = Debug|Any CPU
		{982FEB71-EB97-46ED-8B61-4852F1DA2918}.Debug|x64.Build.0 = Debug|Any CPU
		{982FEB71-EB97-46ED-8B61-4852F1DA2918}.Debug|x86.ActiveCfg = Debug|Any CPU
		{982FEB71-EB97-46ED-8B61-4852F1DA2918}.Debug|x86.Build.0 = Debug|Any CPU
		{982FEB71-EB97-46ED-8B61-4852F1DA2918}.Release|Any CPU.ActiveCfg = Release|Any CPU
		{982FEB71-EB97-46ED-8B61-4852F1DA2918}.Release|Any CPU.Build.0 = Release|Any CPU
		{982FEB71-EB97-46ED-8B61-4852F1DA2918}.Release|x64.ActiveCfg = Release|Any CPU
		{982FEB71-EB97-46ED-8B61-4852F1DA2918}.Release|x64.Build.0 = Release|Any CPU
		{982FEB71-EB97-46ED-8B61-4852F1DA2918}.Release|x86.ActiveCfg = Release|Any CPU
		{982FEB71-EB97-46ED-8B61-4852F1DA2918}.Release|x86.Build.0 = Release|Any CPU
		{78871EB7-75EA-415B-B3D8-FDFADF72FA32}.Debug|Any CPU.ActiveCfg = Debug|Any CPU
		{78871EB7-75EA-415B-B3D8-FDFADF72FA32}.Debug|Any CPU.Build.0 = Debug|Any CPU
		{78871EB7-75EA-415B-B3D8-FDFADF72FA32}.Debug|x64.ActiveCfg = Debug|Any CPU
		{78871EB7-75EA-415B-B3D8-FDFADF72FA32}.Debug|x64.Build.0 = Debug|Any CPU
		{78871EB7-75EA-415B-B3D8-FDFADF72FA32}.Debug|x86.ActiveCfg = Debug|Any CPU
		{78871EB7-75EA-415B-B3D8-FDFADF72FA32}.Debug|x86.Build.0 = Debug|Any CPU
		{78871EB7-75EA-415B-B3D8-FDFADF72FA32}.Release|Any CPU.ActiveCfg = Release|Any CPU
		{78871EB7-75EA-415B-B3D8-FDFADF72FA32}.Release|Any CPU.Build.0 = Release|Any CPU
		{78871EB7-75EA-415B-B3D8-FDFADF72FA32}.Release|x64.ActiveCfg = Release|Any CPU
		{78871EB7-75EA-415B-B3D8-FDFADF72FA32}.Release|x64.Build.0 = Release|Any CPU
		{78871EB7-75EA-415B-B3D8-FDFADF72FA32}.Release|x86.ActiveCfg = Release|Any CPU
		{78871EB7-75EA-415B-B3D8-FDFADF72FA32}.Release|x86.Build.0 = Release|Any CPU
		{AEFCD84F-C445-45D5-93F0-480282296C73}.Debug|Any CPU.ActiveCfg = Debug|Any CPU
		{AEFCD84F-C445-45D5-93F0-480282296C73}.Debug|Any CPU.Build.0 = Debug|Any CPU
		{AEFCD84F-C445-45D5-93F0-480282296C73}.Debug|x64.ActiveCfg = Debug|Any CPU
		{AEFCD84F-C445-45D5-93F0-480282296C73}.Debug|x64.Build.0 = Debug|Any CPU
		{AEFCD84F-C445-45D5-93F0-480282296C73}.Debug|x86.ActiveCfg = Debug|Any CPU
		{AEFCD84F-C445-45D5-93F0-480282296C73}.Debug|x86.Build.0 = Debug|Any CPU
		{AEFCD84F-C445-45D5-93F0-480282296C73}.Release|Any CPU.ActiveCfg = Release|Any CPU
		{AEFCD84F-C445-45D5-93F0-480282296C73}.Release|Any CPU.Build.0 = Release|Any CPU
		{AEFCD84F-C445-45D5-93F0-480282296C73}.Release|x64.ActiveCfg = Release|Any CPU
		{AEFCD84F-C445-45D5-93F0-480282296C73}.Release|x64.Build.0 = Release|Any CPU
		{AEFCD84F-C445-45D5-93F0-480282296C73}.Release|x86.ActiveCfg = Release|Any CPU
		{AEFCD84F-C445-45D5-93F0-480282296C73}.Release|x86.Build.0 = Release|Any CPU
		{7E45D583-5A8C-4388-9A3A-7988A35A7CA5}.Debug|Any CPU.ActiveCfg = Debug|Any CPU
		{7E45D583-5A8C-4388-9A3A-7988A35A7CA5}.Debug|Any CPU.Build.0 = Debug|Any CPU
		{7E45D583-5A8C-4388-9A3A-7988A35A7CA5}.Debug|x64.ActiveCfg = Debug|Any CPU
		{7E45D583-5A8C-4388-9A3A-7988A35A7CA5}.Debug|x64.Build.0 = Debug|Any CPU
		{7E45D583-5A8C-4388-9A3A-7988A35A7CA5}.Debug|x86.ActiveCfg = Debug|Any CPU
		{7E45D583-5A8C-4388-9A3A-7988A35A7CA5}.Debug|x86.Build.0 = Debug|Any CPU
		{7E45D583-5A8C-4388-9A3A-7988A35A7CA5}.Release|Any CPU.ActiveCfg = Release|Any CPU
		{7E45D583-5A8C-4388-9A3A-7988A35A7CA5}.Release|Any CPU.Build.0 = Release|Any CPU
		{7E45D583-5A8C-4388-9A3A-7988A35A7CA5}.Release|x64.ActiveCfg = Release|Any CPU
		{7E45D583-5A8C-4388-9A3A-7988A35A7CA5}.Release|x64.Build.0 = Release|Any CPU
		{7E45D583-5A8C-4388-9A3A-7988A35A7CA5}.Release|x86.ActiveCfg = Release|Any CPU
		{7E45D583-5A8C-4388-9A3A-7988A35A7CA5}.Release|x86.Build.0 = Release|Any CPU
		{7BC5433D-6037-450F-B11E-9253BEB552C6}.Debug|Any CPU.ActiveCfg = Debug|Any CPU
		{7BC5433D-6037-450F-B11E-9253BEB552C6}.Debug|Any CPU.Build.0 = Debug|Any CPU
		{7BC5433D-6037-450F-B11E-9253BEB552C6}.Debug|x64.ActiveCfg = Debug|Any CPU
		{7BC5433D-6037-450F-B11E-9253BEB552C6}.Debug|x64.Build.0 = Debug|Any CPU
		{7BC5433D-6037-450F-B11E-9253BEB552C6}.Debug|x86.ActiveCfg = Debug|Any CPU
		{7BC5433D-6037-450F-B11E-9253BEB552C6}.Debug|x86.Build.0 = Debug|Any CPU
		{7BC5433D-6037-450F-B11E-9253BEB552C6}.Release|Any CPU.ActiveCfg = Release|Any CPU
		{7BC5433D-6037-450F-B11E-9253BEB552C6}.Release|Any CPU.Build.0 = Release|Any CPU
		{7BC5433D-6037-450F-B11E-9253BEB552C6}.Release|x64.ActiveCfg = Release|Any CPU
		{7BC5433D-6037-450F-B11E-9253BEB552C6}.Release|x64.Build.0 = Release|Any CPU
		{7BC5433D-6037-450F-B11E-9253BEB552C6}.Release|x86.ActiveCfg = Release|Any CPU
		{7BC5433D-6037-450F-B11E-9253BEB552C6}.Release|x86.Build.0 = Release|Any CPU
		{B63140D1-028A-428D-A3F2-CD09C5A754C4}.Debug|Any CPU.ActiveCfg = Debug|Any CPU
		{B63140D1-028A-428D-A3F2-CD09C5A754C4}.Debug|Any CPU.Build.0 = Debug|Any CPU
		{B63140D1-028A-428D-A3F2-CD09C5A754C4}.Debug|x64.ActiveCfg = Debug|Any CPU
		{B63140D1-028A-428D-A3F2-CD09C5A754C4}.Debug|x64.Build.0 = Debug|Any CPU
		{B63140D1-028A-428D-A3F2-CD09C5A754C4}.Debug|x86.ActiveCfg = Debug|Any CPU
		{B63140D1-028A-428D-A3F2-CD09C5A754C4}.Debug|x86.Build.0 = Debug|Any CPU
		{B63140D1-028A-428D-A3F2-CD09C5A754C4}.Release|Any CPU.ActiveCfg = Release|Any CPU
		{B63140D1-028A-428D-A3F2-CD09C5A754C4}.Release|Any CPU.Build.0 = Release|Any CPU
		{B63140D1-028A-428D-A3F2-CD09C5A754C4}.Release|x64.ActiveCfg = Release|Any CPU
		{B63140D1-028A-428D-A3F2-CD09C5A754C4}.Release|x64.Build.0 = Release|Any CPU
		{B63140D1-028A-428D-A3F2-CD09C5A754C4}.Release|x86.ActiveCfg = Release|Any CPU
		{B63140D1-028A-428D-A3F2-CD09C5A754C4}.Release|x86.Build.0 = Release|Any CPU
		{F2A1A90D-6F47-4CB8-A3D1-2EF3F6D68BEA}.Debug|Any CPU.ActiveCfg = Debug|Any CPU
		{F2A1A90D-6F47-4CB8-A3D1-2EF3F6D68BEA}.Debug|Any CPU.Build.0 = Debug|Any CPU
		{F2A1A90D-6F47-4CB8-A3D1-2EF3F6D68BEA}.Debug|x64.ActiveCfg = Debug|Any CPU
		{F2A1A90D-6F47-4CB8-A3D1-2EF3F6D68BEA}.Debug|x64.Build.0 = Debug|Any CPU
		{F2A1A90D-6F47-4CB8-A3D1-2EF3F6D68BEA}.Debug|x86.ActiveCfg = Debug|Any CPU
		{F2A1A90D-6F47-4CB8-A3D1-2EF3F6D68BEA}.Debug|x86.Build.0 = Debug|Any CPU
		{F2A1A90D-6F47-4CB8-A3D1-2EF3F6D68BEA}.Release|Any CPU.ActiveCfg = Release|Any CPU
		{F2A1A90D-6F47-4CB8-A3D1-2EF3F6D68BEA}.Release|Any CPU.Build.0 = Release|Any CPU
		{F2A1A90D-6F47-4CB8-A3D1-2EF3F6D68BEA}.Release|x64.ActiveCfg = Release|Any CPU
		{F2A1A90D-6F47-4CB8-A3D1-2EF3F6D68BEA}.Release|x64.Build.0 = Release|Any CPU
		{F2A1A90D-6F47-4CB8-A3D1-2EF3F6D68BEA}.Release|x86.ActiveCfg = Release|Any CPU
		{F2A1A90D-6F47-4CB8-A3D1-2EF3F6D68BEA}.Release|x86.Build.0 = Release|Any CPU
		{CC0FAB94-0020-439D-A17D-06311EA6FEC6}.Debug|Any CPU.ActiveCfg = Debug|Any CPU
		{CC0FAB94-0020-439D-A17D-06311EA6FEC6}.Debug|Any CPU.Build.0 = Debug|Any CPU
		{CC0FAB94-0020-439D-A17D-06311EA6FEC6}.Debug|x64.ActiveCfg = Debug|Any CPU
		{CC0FAB94-0020-439D-A17D-06311EA6FEC6}.Debug|x64.Build.0 = Debug|Any CPU
		{CC0FAB94-0020-439D-A17D-06311EA6FEC6}.Debug|x86.ActiveCfg = Debug|Any CPU
		{CC0FAB94-0020-439D-A17D-06311EA6FEC6}.Debug|x86.Build.0 = Debug|Any CPU
		{CC0FAB94-0020-439D-A17D-06311EA6FEC6}.Release|Any CPU.ActiveCfg = Release|Any CPU
		{CC0FAB94-0020-439D-A17D-06311EA6FEC6}.Release|Any CPU.Build.0 = Release|Any CPU
		{CC0FAB94-0020-439D-A17D-06311EA6FEC6}.Release|x64.ActiveCfg = Release|Any CPU
		{CC0FAB94-0020-439D-A17D-06311EA6FEC6}.Release|x64.Build.0 = Release|Any CPU
		{CC0FAB94-0020-439D-A17D-06311EA6FEC6}.Release|x86.ActiveCfg = Release|Any CPU
		{CC0FAB94-0020-439D-A17D-06311EA6FEC6}.Release|x86.Build.0 = Release|Any CPU
		{107D539F-3E1F-44F6-B277-ADEF833258F7}.Debug|Any CPU.ActiveCfg = Debug|Any CPU
		{107D539F-3E1F-44F6-B277-ADEF833258F7}.Debug|Any CPU.Build.0 = Debug|Any CPU
		{107D539F-3E1F-44F6-B277-ADEF833258F7}.Debug|x64.ActiveCfg = Debug|Any CPU
		{107D539F-3E1F-44F6-B277-ADEF833258F7}.Debug|x64.Build.0 = Debug|Any CPU
		{107D539F-3E1F-44F6-B277-ADEF833258F7}.Debug|x86.ActiveCfg = Debug|Any CPU
		{107D539F-3E1F-44F6-B277-ADEF833258F7}.Debug|x86.Build.0 = Debug|Any CPU
		{107D539F-3E1F-44F6-B277-ADEF833258F7}.Release|Any CPU.ActiveCfg = Release|Any CPU
		{107D539F-3E1F-44F6-B277-ADEF833258F7}.Release|Any CPU.Build.0 = Release|Any CPU
		{107D539F-3E1F-44F6-B277-ADEF833258F7}.Release|x64.ActiveCfg = Release|Any CPU
		{107D539F-3E1F-44F6-B277-ADEF833258F7}.Release|x64.Build.0 = Release|Any CPU
		{107D539F-3E1F-44F6-B277-ADEF833258F7}.Release|x86.ActiveCfg = Release|Any CPU
		{107D539F-3E1F-44F6-B277-ADEF833258F7}.Release|x86.Build.0 = Release|Any CPU
		{E95AACEA-FFC9-4D3A-8D94-2B6521CA21EB}.Debug|Any CPU.ActiveCfg = Debug|Any CPU
		{E95AACEA-FFC9-4D3A-8D94-2B6521CA21EB}.Debug|Any CPU.Build.0 = Debug|Any CPU
		{E95AACEA-FFC9-4D3A-8D94-2B6521CA21EB}.Debug|x64.ActiveCfg = Debug|Any CPU
		{E95AACEA-FFC9-4D3A-8D94-2B6521CA21EB}.Debug|x64.Build.0 = Debug|Any CPU
		{E95AACEA-FFC9-4D3A-8D94-2B6521CA21EB}.Debug|x86.ActiveCfg = Debug|Any CPU
		{E95AACEA-FFC9-4D3A-8D94-2B6521CA21EB}.Debug|x86.Build.0 = Debug|Any CPU
		{E95AACEA-FFC9-4D3A-8D94-2B6521CA21EB}.Release|Any CPU.ActiveCfg = Release|Any CPU
		{E95AACEA-FFC9-4D3A-8D94-2B6521CA21EB}.Release|Any CPU.Build.0 = Release|Any CPU
		{E95AACEA-FFC9-4D3A-8D94-2B6521CA21EB}.Release|x64.ActiveCfg = Release|Any CPU
		{E95AACEA-FFC9-4D3A-8D94-2B6521CA21EB}.Release|x64.Build.0 = Release|Any CPU
		{E95AACEA-FFC9-4D3A-8D94-2B6521CA21EB}.Release|x86.ActiveCfg = Release|Any CPU
		{E95AACEA-FFC9-4D3A-8D94-2B6521CA21EB}.Release|x86.Build.0 = Release|Any CPU
		{F8D7423D-4281-48BA-844C-73B599956E14}.Debug|Any CPU.ActiveCfg = Debug|Any CPU
		{F8D7423D-4281-48BA-844C-73B599956E14}.Debug|Any CPU.Build.0 = Debug|Any CPU
		{F8D7423D-4281-48BA-844C-73B599956E14}.Debug|x64.ActiveCfg = Debug|Any CPU
		{F8D7423D-4281-48BA-844C-73B599956E14}.Debug|x64.Build.0 = Debug|Any CPU
		{F8D7423D-4281-48BA-844C-73B599956E14}.Debug|x86.ActiveCfg = Debug|Any CPU
		{F8D7423D-4281-48BA-844C-73B599956E14}.Debug|x86.Build.0 = Debug|Any CPU
		{F8D7423D-4281-48BA-844C-73B599956E14}.Release|Any CPU.ActiveCfg = Release|Any CPU
		{F8D7423D-4281-48BA-844C-73B599956E14}.Release|Any CPU.Build.0 = Release|Any CPU
		{F8D7423D-4281-48BA-844C-73B599956E14}.Release|x64.ActiveCfg = Release|Any CPU
		{F8D7423D-4281-48BA-844C-73B599956E14}.Release|x64.Build.0 = Release|Any CPU
		{F8D7423D-4281-48BA-844C-73B599956E14}.Release|x86.ActiveCfg = Release|Any CPU
		{F8D7423D-4281-48BA-844C-73B599956E14}.Release|x86.Build.0 = Release|Any CPU
		{47106395-CB64-41F7-8284-EC4CDF414252}.Debug|Any CPU.ActiveCfg = Debug|Any CPU
		{47106395-CB64-41F7-8284-EC4CDF414252}.Debug|Any CPU.Build.0 = Debug|Any CPU
		{47106395-CB64-41F7-8284-EC4CDF414252}.Debug|x64.ActiveCfg = Debug|Any CPU
		{47106395-CB64-41F7-8284-EC4CDF414252}.Debug|x64.Build.0 = Debug|Any CPU
		{47106395-CB64-41F7-8284-EC4CDF414252}.Debug|x86.ActiveCfg = Debug|Any CPU
		{47106395-CB64-41F7-8284-EC4CDF414252}.Debug|x86.Build.0 = Debug|Any CPU
		{47106395-CB64-41F7-8284-EC4CDF414252}.Release|Any CPU.ActiveCfg = Release|Any CPU
		{47106395-CB64-41F7-8284-EC4CDF414252}.Release|Any CPU.Build.0 = Release|Any CPU
		{47106395-CB64-41F7-8284-EC4CDF414252}.Release|x64.ActiveCfg = Release|Any CPU
		{47106395-CB64-41F7-8284-EC4CDF414252}.Release|x64.Build.0 = Release|Any CPU
		{47106395-CB64-41F7-8284-EC4CDF414252}.Release|x86.ActiveCfg = Release|Any CPU
		{47106395-CB64-41F7-8284-EC4CDF414252}.Release|x86.Build.0 = Release|Any CPU
		{9435E534-573D-464D-B1D2-275A40A1DD54}.Debug|Any CPU.ActiveCfg = Debug|Any CPU
		{9435E534-573D-464D-B1D2-275A40A1DD54}.Debug|Any CPU.Build.0 = Debug|Any CPU
		{9435E534-573D-464D-B1D2-275A40A1DD54}.Debug|x64.ActiveCfg = Debug|Any CPU
		{9435E534-573D-464D-B1D2-275A40A1DD54}.Debug|x64.Build.0 = Debug|Any CPU
		{9435E534-573D-464D-B1D2-275A40A1DD54}.Debug|x86.ActiveCfg = Debug|Any CPU
		{9435E534-573D-464D-B1D2-275A40A1DD54}.Debug|x86.Build.0 = Debug|Any CPU
		{9435E534-573D-464D-B1D2-275A40A1DD54}.Release|Any CPU.ActiveCfg = Release|Any CPU
		{9435E534-573D-464D-B1D2-275A40A1DD54}.Release|Any CPU.Build.0 = Release|Any CPU
		{9435E534-573D-464D-B1D2-275A40A1DD54}.Release|x64.ActiveCfg = Release|Any CPU
		{9435E534-573D-464D-B1D2-275A40A1DD54}.Release|x64.Build.0 = Release|Any CPU
		{9435E534-573D-464D-B1D2-275A40A1DD54}.Release|x86.ActiveCfg = Release|Any CPU
		{9435E534-573D-464D-B1D2-275A40A1DD54}.Release|x86.Build.0 = Release|Any CPU
		{13ED2EA1-18C6-4877-89EE-F77B1185695F}.Debug|Any CPU.ActiveCfg = Debug|Any CPU
		{13ED2EA1-18C6-4877-89EE-F77B1185695F}.Debug|Any CPU.Build.0 = Debug|Any CPU
		{13ED2EA1-18C6-4877-89EE-F77B1185695F}.Debug|x64.ActiveCfg = Debug|Any CPU
		{13ED2EA1-18C6-4877-89EE-F77B1185695F}.Debug|x64.Build.0 = Debug|Any CPU
		{13ED2EA1-18C6-4877-89EE-F77B1185695F}.Debug|x86.ActiveCfg = Debug|Any CPU
		{13ED2EA1-18C6-4877-89EE-F77B1185695F}.Debug|x86.Build.0 = Debug|Any CPU
		{13ED2EA1-18C6-4877-89EE-F77B1185695F}.Release|Any CPU.ActiveCfg = Release|Any CPU
		{13ED2EA1-18C6-4877-89EE-F77B1185695F}.Release|Any CPU.Build.0 = Release|Any CPU
		{13ED2EA1-18C6-4877-89EE-F77B1185695F}.Release|x64.ActiveCfg = Release|Any CPU
		{13ED2EA1-18C6-4877-89EE-F77B1185695F}.Release|x64.Build.0 = Release|Any CPU
		{13ED2EA1-18C6-4877-89EE-F77B1185695F}.Release|x86.ActiveCfg = Release|Any CPU
		{13ED2EA1-18C6-4877-89EE-F77B1185695F}.Release|x86.Build.0 = Release|Any CPU
		{5B38979B-D242-4069-A7B7-6BDC1EB1A1C2}.Debug|Any CPU.ActiveCfg = Debug|Any CPU
		{5B38979B-D242-4069-A7B7-6BDC1EB1A1C2}.Debug|Any CPU.Build.0 = Debug|Any CPU
		{5B38979B-D242-4069-A7B7-6BDC1EB1A1C2}.Debug|x64.ActiveCfg = Debug|Any CPU
		{5B38979B-D242-4069-A7B7-6BDC1EB1A1C2}.Debug|x64.Build.0 = Debug|Any CPU
		{5B38979B-D242-4069-A7B7-6BDC1EB1A1C2}.Debug|x86.ActiveCfg = Debug|Any CPU
		{5B38979B-D242-4069-A7B7-6BDC1EB1A1C2}.Debug|x86.Build.0 = Debug|Any CPU
		{5B38979B-D242-4069-A7B7-6BDC1EB1A1C2}.Release|Any CPU.ActiveCfg = Release|Any CPU
		{5B38979B-D242-4069-A7B7-6BDC1EB1A1C2}.Release|Any CPU.Build.0 = Release|Any CPU
		{5B38979B-D242-4069-A7B7-6BDC1EB1A1C2}.Release|x64.ActiveCfg = Release|Any CPU
		{5B38979B-D242-4069-A7B7-6BDC1EB1A1C2}.Release|x64.Build.0 = Release|Any CPU
		{5B38979B-D242-4069-A7B7-6BDC1EB1A1C2}.Release|x86.ActiveCfg = Release|Any CPU
		{5B38979B-D242-4069-A7B7-6BDC1EB1A1C2}.Release|x86.Build.0 = Release|Any CPU
	EndGlobalSection
	GlobalSection(SolutionProperties) = preSolution
		HideSolutionNode = FALSE
	EndGlobalSection
	GlobalSection(ExtensibilityGlobals) = postSolution
		SolutionGuid = {EBC02830-CDCC-4453-A1B7-1A3CD87BFCF8}
	EndGlobalSection
EndGlobal
